
Microsoft Visual Studio Solution File, Format Version 12.00
# Visual Studio Version 16
VisualStudioVersion = 16.0.30104.148
MinimumVisualStudioVersion = 10.0.40219.1
Project("{FAE04EC0-301F-11D3-BF4B-00C04F79EFBC}") = "P3Code", "P3Code\P3Code.csproj", "{C42A7A20-8767-4B0B-A3EA-01737AFF8595}"
EndProject
Project("{FAE04EC0-301F-11D3-BF4B-00C04F79EFBC}") = "UnitTestFakeAppUserRepository", "UnitTestFakeAppUserRepository\UnitTestFakeAppUserRepository.csproj", "{6CA6D44E-FAC4-4119-9E55-CB9B1F8FE94A}"
EndProject
Global
	GlobalSection(SolutionConfigurationPlatforms) = preSolution
		Debug|Any CPU = Debug|Any CPU
		Release|Any CPU = Release|Any CPU
	EndGlobalSection
	GlobalSection(ProjectConfigurationPlatforms) = postSolution
		{C42A7A20-8767-4B0B-A3EA-01737AFF8595}.Debug|Any CPU.ActiveCfg = Debug|Any CPU
		{C42A7A20-8767-4B0B-A3EA-01737AFF8595}.Debug|Any CPU.Build.0 = Debug|Any CPU
		{C42A7A20-8767-4B0B-A3EA-01737AFF8595}.Release|Any CPU.ActiveCfg = Release|Any CPU
		{C42A7A20-8767-4B0B-A3EA-01737AFF8595}.Release|Any CPU.Build.0 = Release|Any CPU
		{6CA6D44E-FAC4-4119-9E55-CB9B1F8FE94A}.Debug|Any CPU.ActiveCfg = Debug|Any CPU
		{6CA6D44E-FAC4-4119-9E55-CB9B1F8FE94A}.Debug|Any CPU.Build.0 = Debug|Any CPU
		{6CA6D44E-FAC4-4119-9E55-CB9B1F8FE94A}.Release|Any CPU.ActiveCfg = Release|Any CPU
		{6CA6D44E-FAC4-4119-9E55-CB9B1F8FE94A}.Release|Any CPU.Build.0 = Release|Any CPU
	EndGlobalSection
	GlobalSection(SolutionProperties) = preSolution
		HideSolutionNode = FALSE
	EndGlobalSection
	GlobalSection(ExtensibilityGlobals) = postSolution
		SolutionGuid = {12718303-44ED-4CB9-A935-3C7D2CCF14B1}
	EndGlobalSection
EndGlobal
